
Microsoft Visual Studio Solution File, Format Version 12.00
# Visual Studio Version 17
VisualStudioVersion = 17.6.33829.357
MinimumVisualStudioVersion = 10.0.40219.1
Project("{FAE04EC0-301F-11D3-BF4B-00C04F79EFBC}") = "BankApplication", "BankApplication\BankApplication.csproj", "{32C27B62-F0F9-4938-9843-DF31825157DE}"
EndProject
Global
	GlobalSection(SolutionConfigurationPlatforms) = preSolution
		Debug|Any CPU = Debug|Any CPU
		Release|Any CPU = Release|Any CPU
	EndGlobalSection
	GlobalSection(ProjectConfigurationPlatforms) = postSolution
		{32C27B62-F0F9-4938-9843-DF31825157DE}.Debug|Any CPU.ActiveCfg = Debug|Any CPU
		{32C27B62-F0F9-4938-9843-DF31825157DE}.Debug|Any CPU.Build.0 = Debug|Any CPU
		{32C27B62-F0F9-4938-9843-DF31825157DE}.Release|Any CPU.ActiveCfg = Release|Any CPU
		{32C27B62-F0F9-4938-9843-DF31825157DE}.Release|Any CPU.Build.0 = Release|Any CPU
	EndGlobalSection
	GlobalSection(SolutionProperties) = preSolution
		HideSolutionNode = FALSE
	EndGlobalSection
	GlobalSection(ExtensibilityGlobals) = postSolution
		SolutionGuid = {424513E9-AA80-4115-8F4C-77CF78794AC5}
	EndGlobalSection
EndGlobal
